version = 1
revision = 1
requires-python = ">=3.12"
resolution-markers = [
    "platform_machine != 'aarch64' or sys_platform != 'linux'",
    "platform_machine == 'aarch64' and sys_platform == 'linux'",
]

[[package]]
name = "filelock"
version = "3.13.1"
source = { registry = "https://download.pytorch.org/whl/cu128" }
wheels = [
    { url = "https://download.pytorch.org/whl/filelock-3.13.1-py3-none-any.whl", hash = "sha256:57dbda9b35157b05fb3e58ee91448612eb674172fab98ee235ccb0b5bee19a1c" },
]

[[package]]
name = "fsspec"
version = "2024.6.1"
source = { registry = "https://download.pytorch.org/whl/cu128" }
wheels = [
    { url = "https://download.pytorch.org/whl/fsspec-2024.6.1-py3-none-any.whl", hash = "sha256:3cb443f8bcd2efb31295a5b9fdb02aee81d8452c80d28f97a6d0959e6cee101e" },
]

[[package]]
name = "jinja2"
version = "3.1.4"
source = { registry = "https://download.pytorch.org/whl/cu128" }
dependencies = [
    { name = "markupsafe" },
]
wheels = [
    { url = "https://download.pytorch.org/whl/Jinja2-3.1.4-py3-none-any.whl", hash = "sha256:bc5dd2abb727a5319567b7a813e6a2e7318c39f4f487cfe6c89c6f9c7d25197d" },
]

[[package]]
name = "markupsafe"
version = "2.1.5"
source = { registry = "https://download.pytorch.org/whl/cu128" }
sdist = { url = "https://download.pytorch.org/whl/MarkupSafe-2.1.5.tar.gz", hash = "sha256:d283d37a890ba4c1ae73ffadf8046435c76e7bc2247bbb63c00bd1a709c6544b" }
wheels = [
    { url = "https://download.pytorch.org/whl/MarkupSafe-2.1.5-cp312-cp312-macosx_10_9_universal2.whl", hash = "sha256:8dec4936e9c3100156f8a2dc89c4b88d5c435175ff03413b443469c7c8c5f4d1" },
    { url = "https://download.pytorch.org/whl/MarkupSafe-2.1.5-cp312-cp312-macosx_10_9_x86_64.whl", hash = "sha256:3c6b973f22eb18a789b1460b4b91bf04ae3f0c4234a0a6aa6b0a92f6f7b951d4" },
    { url = "https://download.pytorch.org/whl/MarkupSafe-2.1.5-cp312-cp312-manylinux_2_17_aarch64.manylinux2014_aarch64.whl", hash = "sha256:ac07bad82163452a6884fe8fa0963fb98c2346ba78d779ec06bd7a6262132aee" },
    { url = "https://download.pytorch.org/whl/MarkupSafe-2.1.5-cp312-cp312-manylinux_2_17_x86_64.manylinux2014_x86_64.whl", hash = "sha256:f5dfb42c4604dddc8e4305050aa6deb084540643ed5804d7455b5df8fe16f5e5" },
    { url = "https://download.pytorch.org/whl/MarkupSafe-2.1.5-cp312-cp312-manylinux_2_5_i686.manylinux1_i686.manylinux_2_17_i686.manylinux2014_i686.whl", hash = "sha256:ea3d8a3d18833cf4304cd2fc9cbb1efe188ca9b5efef2bdac7adc20594a0e46b" },
    { url = "https://download.pytorch.org/whl/MarkupSafe-2.1.5-cp312-cp312-win_amd64.whl", hash = "sha256:823b65d8706e32ad2df51ed89496147a42a2a6e01c13cfb6ffb8b1e92bc910bb" },
]

[[package]]
name = "mpmath"
version = "1.3.0"
source = { registry = "https://download.pytorch.org/whl/cu128" }
wheels = [
    { url = "https://download.pytorch.org/whl/mpmath-1.3.0-py3-none-any.whl", hash = "sha256:a0b2b9fe80bbcd81a6647ff13108738cfb482d481d826cc0e02f5b35e5c88d2c" },
]

[[package]]
name = "networkx"
version = "3.3"
source = { registry = "https://download.pytorch.org/whl/cu128" }
wheels = [
    { url = "https://download.pytorch.org/whl/networkx-3.3-py3-none-any.whl", hash = "sha256:28575580c6ebdaf4505b22c6256a2b9de86b316dc63ba9e93abde3d78dfdbcf2" },
]

[[package]]
name = "numpy"
version = "1.26.3"
source = { registry = "https://download.pytorch.org/whl/cu128" }
wheels = [
    { url = "https://download.pytorch.org/whl/numpy-1.26.3-cp312-cp312-macosx_10_9_x86_64.whl", hash = "sha256:a7081fd19a6d573e1a05e600c82a1c421011db7935ed0d5c483e9dd96b99cf13" },
    { url = "https://download.pytorch.org/whl/numpy-1.26.3-cp312-cp312-macosx_11_0_arm64.whl", hash = "sha256:12c70ac274b32bc00c7f61b515126c9205323703abb99cd41836e8125ea0043e" },
    { url = "https://download.pytorch.org/whl/numpy-1.26.3-cp312-cp312-manylinux_2_17_aarch64.manylinux2014_aarch64.whl", hash = "sha256:7f784e13e598e9594750b2ef6729bcd5a47f6cfe4a12cca13def35e06d8163e3" },
    { url = "https://download.pytorch.org/whl/numpy-1.26.3-cp312-cp312-manylinux_2_17_x86_64.manylinux2014_x86_64.whl", hash = "sha256:5f24750ef94d56ce6e33e4019a8a4d68cfdb1ef661a52cdaee628a56d2437419" },
    { url = "https://download.pytorch.org/whl/numpy-1.26.3-cp312-cp312-win_amd64.whl", hash = "sha256:da4b0c6c699a0ad73c810736303f7fbae483bcb012e38d7eb06a5e3b432c981b" },
]

[[package]]
name = "nvidia-cublas-cu12"
version = "12.8.3.14"
source = { registry = "https://download.pytorch.org/whl/cu128" }
wheels = [
    { url = "https://download.pytorch.org/whl/cu128/nvidia_cublas_cu12-12.8.3.14-py3-none-manylinux_2_27_x86_64.whl" },
]

[[package]]
name = "nvidia-cuda-cupti-cu12"
version = "12.8.57"
source = { registry = "https://download.pytorch.org/whl/cu128" }
wheels = [
    { url = "https://download.pytorch.org/whl/cu128/nvidia_cuda_cupti_cu12-12.8.57-py3-none-manylinux2014_x86_64.manylinux_2_17_x86_64.whl" },
]

[[package]]
name = "nvidia-cuda-nvrtc-cu12"
version = "12.8.61"
source = { registry = "https://download.pytorch.org/whl/cu128" }
wheels = [
    { url = "https://download.pytorch.org/whl/cu128/nvidia_cuda_nvrtc_cu12-12.8.61-py3-none-manylinux2010_x86_64.manylinux_2_12_x86_64.whl" },
]

[[package]]
name = "nvidia-cuda-runtime-cu12"
version = "12.8.57"
source = { registry = "https://download.pytorch.org/whl/cu128" }
wheels = [
    { url = "https://download.pytorch.org/whl/cu128/nvidia_cuda_runtime_cu12-12.8.57-py3-none-manylinux2014_x86_64.manylinux_2_17_x86_64.whl" },
]

[[package]]
name = "nvidia-cudnn-cu12"
version = "9.7.1.26"
source = { registry = "https://download.pytorch.org/whl/cu128" }
dependencies = [
    { name = "nvidia-cublas-cu12", marker = "platform_machine != 'aarch64' or sys_platform != 'linux'" },
]
wheels = [
    { url = "https://download.pytorch.org/whl/cu128/nvidia_cudnn_cu12-9.7.1.26-py3-none-manylinux_2_27_x86_64.whl" },
]

[[package]]
name = "nvidia-cufft-cu12"
version = "11.3.3.41"
source = { registry = "https://download.pytorch.org/whl/cu128" }
dependencies = [
    { name = "nvidia-nvjitlink-cu12", marker = "platform_machine != 'aarch64' or sys_platform != 'linux'" },
]
wheels = [
    { url = "https://download.pytorch.org/whl/cu128/nvidia_cufft_cu12-11.3.3.41-py3-none-manylinux2014_x86_64.manylinux_2_17_x86_64.whl" },
]

[[package]]
name = "nvidia-cufile-cu12"
version = "1.13.0.11"
source = { registry = "https://download.pytorch.org/whl/cu128" }
wheels = [
    { url = "https://download.pytorch.org/whl/cu128/nvidia_cufile_cu12-1.13.0.11-py3-none-manylinux2014_x86_64.manylinux_2_17_x86_64.whl" },
]

[[package]]
name = "nvidia-curand-cu12"
version = "10.3.9.55"
source = { registry = "https://download.pytorch.org/whl/cu128" }
wheels = [
    { url = "https://download.pytorch.org/whl/cu128/nvidia_curand_cu12-10.3.9.55-py3-none-manylinux_2_27_x86_64.whl" },
]

[[package]]
name = "nvidia-cusolver-cu12"
version = "11.7.2.55"
source = { registry = "https://download.pytorch.org/whl/cu128" }
dependencies = [
    { name = "nvidia-cublas-cu12", marker = "platform_machine != 'aarch64' or sys_platform != 'linux'" },
    { name = "nvidia-cusparse-cu12", marker = "platform_machine != 'aarch64' or sys_platform != 'linux'" },
    { name = "nvidia-nvjitlink-cu12", marker = "platform_machine != 'aarch64' or sys_platform != 'linux'" },
]
wheels = [
    { url = "https://download.pytorch.org/whl/cu128/nvidia_cusolver_cu12-11.7.2.55-py3-none-manylinux_2_27_x86_64.whl" },
]

[[package]]
name = "nvidia-cusparse-cu12"
version = "12.5.7.53"
source = { registry = "https://download.pytorch.org/whl/cu128" }
dependencies = [
    { name = "nvidia-nvjitlink-cu12", marker = "platform_machine != 'aarch64' or sys_platform != 'linux'" },
]
wheels = [
    { url = "https://download.pytorch.org/whl/cu128/nvidia_cusparse_cu12-12.5.7.53-py3-none-manylinux2014_x86_64.manylinux_2_17_x86_64.whl" },
]

[[package]]
name = "nvidia-cusparselt-cu12"
version = "0.6.3"
source = { registry = "https://download.pytorch.org/whl/cu128" }
wheels = [
    { url = "https://download.pytorch.org/whl/cu128/nvidia_cusparselt_cu12-0.6.3-py3-none-manylinux2014_x86_64.whl" },
]

[[package]]
name = "nvidia-nccl-cu12"
version = "2.26.2"
source = { registry = "https://download.pytorch.org/whl/cu128" }
wheels = [
    { url = "https://download.pytorch.org/whl/cu128/nvidia_nccl_cu12-2.26.2-py3-none-manylinux2014_x86_64.manylinux_2_17_x86_64.whl" },
]

[[package]]
name = "nvidia-nvjitlink-cu12"
version = "12.8.61"
source = { registry = "https://download.pytorch.org/whl/cu128" }
wheels = [
    { url = "https://download.pytorch.org/whl/cu128/nvidia_nvjitlink_cu12-12.8.61-py3-none-manylinux2010_x86_64.manylinux_2_12_x86_64.whl" },
]

[[package]]
name = "nvidia-nvtx-cu12"
version = "12.8.55"
source = { registry = "https://download.pytorch.org/whl/cu128" }
wheels = [
    { url = "https://download.pytorch.org/whl/cu128/nvidia_nvtx_cu12-12.8.55-py3-none-manylinux2014_x86_64.manylinux_2_17_x86_64.whl" },
]

[[package]]
name = "pillow"
version = "11.0.0"
source = { registry = "https://download.pytorch.org/whl/cu128" }
wheels = [
    { url = "https://download.pytorch.org/whl/pillow-11.0.0-cp312-cp312-macosx_10_13_x86_64.whl", hash = "sha256:d2c0a187a92a1cb5ef2c8ed5412dd8d4334272617f532d4ad4de31e0495bd923" },
    { url = "https://download.pytorch.org/whl/pillow-11.0.0-cp312-cp312-macosx_11_0_arm64.whl", hash = "sha256:084a07ef0821cfe4858fe86652fffac8e187b6ae677e9906e192aafcc1b69903" },
    { url = "https://download.pytorch.org/whl/pillow-11.0.0-cp312-cp312-manylinux_2_17_aarch64.manylinux2014_aarch64.whl", hash = "sha256:8069c5179902dcdce0be9bfc8235347fdbac249d23bd90514b7a47a72d9fecf4" },
    { url = "https://download.pytorch.org/whl/pillow-11.0.0-cp312-cp312-manylinux_2_17_x86_64.manylinux2014_x86_64.whl", hash = "sha256:f02541ef64077f22bf4924f225c0fd1248c168f86e4b7abdedd87d6ebaceab0f" },
    { url = "https://download.pytorch.org/whl/pillow-11.0.0-cp312-cp312-manylinux_2_28_aarch64.whl", hash = "sha256:fcb4621042ac4b7865c179bb972ed0da0218a076dc1820ffc48b1d74c1e37fe9" },
    { url = "https://download.pytorch.org/whl/pillow-11.0.0-cp312-cp312-manylinux_2_28_x86_64.whl", hash = "sha256:00177a63030d612148e659b55ba99527803288cea7c75fb05766ab7981a8c1b7" },
    { url = "https://download.pytorch.org/whl/pillow-11.0.0-cp312-cp312-win_amd64.whl", hash = "sha256:8ec4a89295cd6cd4d1058a5e6aec6bf51e0eaaf9714774e1bfac7cfc9051db47" },
    { url = "https://download.pytorch.org/whl/pillow-11.0.0-cp312-cp312-win_arm64.whl", hash = "sha256:27a7860107500d813fcd203b4ea19b04babe79448268403172782754870dac25" },
    { url = "https://download.pytorch.org/whl/pillow-11.0.0-cp313-cp313-macosx_10_13_x86_64.whl", hash = "sha256:bcd1fb5bb7b07f64c15618c89efcc2cfa3e95f0e3bcdbaf4642509de1942a699" },
    { url = "https://download.pytorch.org/whl/pillow-11.0.0-cp313-cp313-macosx_11_0_arm64.whl", hash = "sha256:0e038b0745997c7dcaae350d35859c9715c71e92ffb7e0f4a8e8a16732150f38" },
    { url = "https://download.pytorch.org/whl/pillow-11.0.0-cp313-cp313-manylinux_2_17_aarch64.manylinux2014_aarch64.whl", hash = "sha256:0ae08bd8ffc41aebf578c2af2f9d8749d91f448b3bfd41d7d9ff573d74f2a6b2" },
    { url = "https://download.pytorch.org/whl/pillow-11.0.0-cp313-cp313-manylinux_2_17_x86_64.manylinux2014_x86_64.whl", hash = "sha256:d69bfd8ec3219ae71bcde1f942b728903cad25fafe3100ba2258b973bd2bc1b2" },
    { url = "https://download.pytorch.org/whl/pillow-11.0.0-cp313-cp313-manylinux_2_28_aarch64.whl", hash = "sha256:61b887f9ddba63ddf62fd02a3ba7add935d053b6dd7d58998c630e6dbade8527" },
    { url = "https://download.pytorch.org/whl/pillow-11.0.0-cp313-cp313-manylinux_2_28_x86_64.whl", hash = "sha256:c6a660307ca9d4867caa8d9ca2c2658ab685de83792d1876274991adec7b93fa" },
    { url = "https://download.pytorch.org/whl/pillow-11.0.0-cp313-cp313-win_amd64.whl", hash = "sha256:8ba470552b48e5835f1d23ecb936bb7f71d206f9dfeee64245f30c3270b994de" },
    { url = "https://download.pytorch.org/whl/pillow-11.0.0-cp313-cp313-win_arm64.whl", hash = "sha256:846e193e103b41e984ac921b335df59195356ce3f71dcfd155aa79c603873b84" },
    { url = "https://download.pytorch.org/whl/pillow-11.0.0-cp313-cp313t-macosx_10_13_x86_64.whl", hash = "sha256:4ad70c4214f67d7466bea6a08061eba35c01b1b89eaa098040a35272a8efb22b" },
    { url = "https://download.pytorch.org/whl/pillow-11.0.0-cp313-cp313t-macosx_11_0_arm64.whl", hash = "sha256:6ec0d5af64f2e3d64a165f490d96368bb5dea8b8f9ad04487f9ab60dc4bb6003" },
    { url = "https://download.pytorch.org/whl/pillow-11.0.0-cp313-cp313t-manylinux_2_17_x86_64.manylinux2014_x86_64.whl", hash = "sha256:c809a70e43c7977c4a42aefd62f0131823ebf7dd73556fa5d5950f5b354087e2" },
    { url = "https://download.pytorch.org/whl/pillow-11.0.0-cp313-cp313t-manylinux_2_28_x86_64.whl", hash = "sha256:4b60c9520f7207aaf2e1d94de026682fc227806c6e1f55bba7606d1c94dd623a" },
    { url = "https://download.pytorch.org/whl/pillow-11.0.0-cp313-cp313t-win_amd64.whl", hash = "sha256:5c39ed17edea3bc69c743a8dd3e9853b7509625c2462532e62baa0732163a904" },
    { url = "https://download.pytorch.org/whl/pillow-11.0.0-cp313-cp313t-win_arm64.whl", hash = "sha256:75acbbeb05b86bc53cbe7b7e6fe00fbcf82ad7c684b3ad82e3d711da9ba287d3" },
]

[[package]]
name = "sd-scripts"
version = "0.1.0"
source = { virtual = "." }
dependencies = [
    { name = "numpy" },
    { name = "torch" },
    { name = "torchvision", version = "0.22.0", source = { registry = "https://download.pytorch.org/whl/cu128" }, marker = "platform_machine == 'aarch64' and sys_platform == 'linux'" },
    { name = "torchvision", version = "0.22.0+cu128", source = { registry = "https://download.pytorch.org/whl/cu128" }, marker = "platform_machine != 'aarch64' or sys_platform != 'linux'" },
    { name = "xformers" },
]

[package.metadata]
requires-dist = [
    { name = "numpy", specifier = "==1.26.3" },
    { name = "torch", specifier = ">=2.7.0" },
    { name = "torchvision", specifier = ">=0.22.0" },
    { name = "xformers", specifier = ">=0.0.30" },
]

[[package]]
name = "setuptools"
version = "70.2.0"
source = { registry = "https://download.pytorch.org/whl/cu128" }
wheels = [
    { url = "https://download.pytorch.org/whl/setuptools-70.2.0-py3-none-any.whl", hash = "sha256:b8b8060bb426838fbe942479c90296ce976249451118ef566a5a0b7d8b78fb05" },
]

[[package]]
name = "sympy"
version = "1.13.3"
source = { registry = "https://download.pytorch.org/whl/cu128" }
dependencies = [
    { name = "mpmath" },
]
wheels = [
    { url = "https://download.pytorch.org/whl/sympy-1.13.3-py3-none-any.whl" },
]

[[package]]
name = "torch"
version = "2.7.0+cu128"
source = { registry = "https://download.pytorch.org/whl/cu128" }
dependencies = [
    { name = "filelock" },
    { name = "fsspec" },
    { name = "jinja2" },
    { name = "networkx" },
    { name = "nvidia-cublas-cu12", marker = "platform_machine == 'x86_64' and sys_platform == 'linux'" },
    { name = "nvidia-cuda-cupti-cu12", marker = "platform_machine == 'x86_64' and sys_platform == 'linux'" },
    { name = "nvidia-cuda-nvrtc-cu12", marker = "platform_machine == 'x86_64' and sys_platform == 'linux'" },
    { name = "nvidia-cuda-runtime-cu12", marker = "platform_machine == 'x86_64' and sys_platform == 'linux'" },
    { name = "nvidia-cudnn-cu12", marker = "platform_machine == 'x86_64' and sys_platform == 'linux'" },
    { name = "nvidia-cufft-cu12", marker = "platform_machine == 'x86_64' and sys_platform == 'linux'" },
    { name = "nvidia-cufile-cu12", marker = "platform_machine == 'x86_64' and sys_platform == 'linux'" },
    { name = "nvidia-curand-cu12", marker = "platform_machine == 'x86_64' and sys_platform == 'linux'" },
    { name = "nvidia-cusolver-cu12", marker = "platform_machine == 'x86_64' and sys_platform == 'linux'" },
    { name = "nvidia-cusparse-cu12", marker = "platform_machine == 'x86_64' and sys_platform == 'linux'" },
    { name = "nvidia-cusparselt-cu12", marker = "platform_machine == 'x86_64' and sys_platform == 'linux'" },
    { name = "nvidia-nccl-cu12", marker = "platform_machine == 'x86_64' and sys_platform == 'linux'" },
    { name = "nvidia-nvjitlink-cu12", marker = "platform_machine == 'x86_64' and sys_platform == 'linux'" },
    { name = "nvidia-nvtx-cu12", marker = "platform_machine == 'x86_64' and sys_platform == 'linux'" },
    { name = "setuptools" },
    { name = "sympy" },
    { name = "triton", marker = "sys_platform == 'linux'" },
    { name = "typing-extensions" },
]
wheels = [
    { url = "https://download.pytorch.org/whl/cu128/torch-2.7.0%2Bcu128-cp312-cp312-manylinux_2_28_aarch64.whl" },
    { url = "https://download.pytorch.org/whl/cu128/torch-2.7.0%2Bcu128-cp312-cp312-manylinux_2_28_x86_64.whl", hash = "sha256:7c0f08d1c44a02abad389373dddfce75904b969a410be2f4e5109483dd3dc0ce" },
    { url = "https://download.pytorch.org/whl/cu128/torch-2.7.0%2Bcu128-cp312-cp312-win_amd64.whl", hash = "sha256:1704e5dd66c9221e4e8b6ae2d80cbf54e129571e643f5fa9ca78cc6d2096403a" },
    { url = "https://download.pytorch.org/whl/cu128/torch-2.7.0%2Bcu128-cp313-cp313-manylinux_2_28_aarch64.whl" },
    { url = "https://download.pytorch.org/whl/cu128/torch-2.7.0%2Bcu128-cp313-cp313-manylinux_2_28_x86_64.whl", hash = "sha256:d2f69f909da5dc52113ec66a851d62079f3d52c83184cf64beebdf12ca2f705c" },
    { url = "https://download.pytorch.org/whl/cu128/torch-2.7.0%2Bcu128-cp313-cp313-win_amd64.whl", hash = "sha256:58c749f52ddc9098155c77d6c74153bb13d8978fd6e1063b5d7b41d4644f5af5" },
    { url = "https://download.pytorch.org/whl/cu128/torch-2.7.0%2Bcu128-cp313-cp313t-manylinux_2_28_aarch64.whl" },
    { url = "https://download.pytorch.org/whl/cu128/torch-2.7.0%2Bcu128-cp313-cp313t-manylinux_2_28_x86_64.whl", hash = "sha256:78e13c26c38ae92d6841cf9ce760d7e9d52bca3e3183de371812e84274b054dc" },
    { url = "https://download.pytorch.org/whl/cu128/torch-2.7.0%2Bcu128-cp313-cp313t-win_amd64.whl", hash = "sha256:3559e98be824c2b12ab807319cd61c6174d73a524c9961317de8e8a44133c5c5" },
]

[[package]]
name = "torchvision"
version = "0.22.0"
source = { registry = "https://download.pytorch.org/whl/cu128" }
resolution-markers = [
    "platform_machine == 'aarch64' and sys_platform == 'linux'",
]
dependencies = [
    { name = "numpy", marker = "platform_machine == 'aarch64' and sys_platform == 'linux'" },
    { name = "pillow", marker = "platform_machine == 'aarch64' and sys_platform == 'linux'" },
    { name = "torch", marker = "platform_machine == 'aarch64' and sys_platform == 'linux'" },
]
wheels = [
    { url = "https://download.pytorch.org/whl/cu128/torchvision-0.22.0-cp312-cp312-manylinux_2_28_aarch64.whl", hash = "sha256:6e9752b48c1cdd7f6428bcd30c3d198b30ecea348d16afb651f95035e5252506" },
    { url = "https://download.pytorch.org/whl/cu128/torchvision-0.22.0-cp313-cp313-manylinux_2_28_aarch64.whl", hash = "sha256:e4d4d5a14225875d9bf8c5221d43d8be97786adc498659493799bdeff52c54cf" },
    { url = "https://download.pytorch.org/whl/cu128/torchvision-0.22.0-cp313-cp313t-manylinux_2_28_aarch64.whl", hash = "sha256:e50ff5bbae11f57fd3af8e6f2185c136f32e8b94324613428228dd27eba6a4f6" },
]

[[package]]
name = "torchvision"
version = "0.22.0+cu128"
source = { registry = "https://download.pytorch.org/whl/cu128" }
resolution-markers = [
    "platform_machine != 'aarch64' or sys_platform != 'linux'",
]
dependencies = [
    { name = "numpy", marker = "platform_machine != 'aarch64' or sys_platform != 'linux'" },
    { name = "pillow", marker = "platform_machine != 'aarch64' or sys_platform != 'linux'" },
    { name = "torch", marker = "platform_machine != 'aarch64' or sys_platform != 'linux'" },
]
wheels = [
    { url = "https://download.pytorch.org/whl/cu128/torchvision-0.22.0%2Bcu128-cp312-cp312-manylinux_2_28_x86_64.whl", hash = "sha256:06c101f40e1ff94869be14487c91fd5352e376f202fdeafb8f53c58cee2fbeb5" },
    { url = "https://download.pytorch.org/whl/cu128/torchvision-0.22.0%2Bcu128-cp312-cp312-win_amd64.whl", hash = "sha256:a87393c86649b7e56b4bf859fe95922ee6ec1c1f3b430246fb1a5b51f8aee37a" },
    { url = "https://download.pytorch.org/whl/cu128/torchvision-0.22.0%2Bcu128-cp313-cp313-manylinux_2_28_x86_64.whl", hash = "sha256:ee4fa6d4052d9ae25c1233289947fbfa4b88d23710254ab1772b108c1fc5fb4d" },
    { url = "https://download.pytorch.org/whl/cu128/torchvision-0.22.0%2Bcu128-cp313-cp313-win_amd64.whl", hash = "sha256:17d50ffb1df6320da16b85395f1078bf369250ea144f3bb405088aca3d5f030f" },
    { url = "https://download.pytorch.org/whl/cu128/torchvision-0.22.0%2Bcu128-cp313-cp313t-manylinux_2_28_x86_64.whl", hash = "sha256:209c29d78cf2003cf4e22c9b651790f57171334998ee3125594d130526aeaa50" },
    { url = "https://download.pytorch.org/whl/cu128/torchvision-0.22.0%2Bcu128-cp313-cp313t-win_amd64.whl", hash = "sha256:03b454b867f7a0aa9861a463042141448c4f15bec784def19eed39a57fac217b" },
]

[[package]]
name = "triton"
version = "3.3.0"
source = { registry = "https://download.pytorch.org/whl/cu128" }
dependencies = [
    { name = "setuptools" },
]
wheels = [
    { url = "https://download.pytorch.org/whl/triton-3.3.0-cp312-cp312-manylinux_2_27_aarch64.manylinux_2_28_aarch64.whl" },
    { url = "https://download.pytorch.org/whl/triton-3.3.0-cp312-cp312-manylinux_2_27_x86_64.manylinux_2_28_x86_64.whl" },
    { url = "https://download.pytorch.org/whl/triton-3.3.0-cp313-cp313-manylinux_2_27_aarch64.manylinux_2_28_aarch64.whl" },
    { url = "https://download.pytorch.org/whl/triton-3.3.0-cp313-cp313-manylinux_2_27_x86_64.manylinux_2_28_x86_64.whl" },
    { url = "https://download.pytorch.org/whl/triton-3.3.0-cp313-cp313t-manylinux_2_27_aarch64.manylinux_2_28_aarch64.whl" },
    { url = "https://download.pytorch.org/whl/triton-3.3.0-cp313-cp313t-manylinux_2_27_x86_64.manylinux_2_28_x86_64.whl" },
]

[[package]]
name = "typing-extensions"
version = "4.12.2"
source = { registry = "https://download.pytorch.org/whl/cu128" }
wheels = [
    { url = "https://download.pytorch.org/whl/typing_extensions-4.12.2-py3-none-any.whl", hash = "sha256:04e5ca0351e0f3f85c6853954072df659d0d13fac324d0072316b67d7794700d" },
]

[[package]]
name = "xformers"
version = "0.0.30"
source = { registry = "https://download.pytorch.org/whl/cu128" }
dependencies = [
    { name = "numpy" },
    { name = "torch" },
]
wheels = [
    { url = "https://download.pytorch.org/whl/cu128/xformers-0.0.30-cp312-cp312-manylinux_2_28_x86_64.whl" },
    { url = "https://download.pytorch.org/whl/cu128/xformers-0.0.30-cp312-cp312-win_amd64.whl" },
]
